
Microsoft Visual Studio Solution File, Format Version 12.00
# Visual Studio Version 17
VisualStudioVersion = 17.6.33723.286
MinimumVisualStudioVersion = 10.0.40219.1
Project("{FAE04EC0-301F-11D3-BF4B-00C04F79EFBC}") = "ContactBookSample", "ContactBookSample\ContactBookSample.csproj", "{0852D466-AD22-49DE-899A-8F19C4DB2D52}"
EndProject
Global
	GlobalSection(SolutionConfigurationPlatforms) = preSolution
		Debug|Any CPU = Debug|Any CPU
		Release|Any CPU = Release|Any CPU
	EndGlobalSection
	GlobalSection(ProjectConfigurationPlatforms) = postSolution
		{0852D466-AD22-49DE-899A-8F19C4DB2D52}.Debug|Any CPU.ActiveCfg = Debug|Any CPU
		{0852D466-AD22-49DE-899A-8F19C4DB2D52}.Debug|Any CPU.Build.0 = Debug|Any CPU
		{0852D466-AD22-49DE-899A-8F19C4DB2D52}.Release|Any CPU.ActiveCfg = Release|Any CPU
		{0852D466-AD22-49DE-899A-8F19C4DB2D52}.Release|Any CPU.Build.0 = Release|Any CPU
	EndGlobalSection
	GlobalSection(SolutionProperties) = preSolution
		HideSolutionNode = FALSE
	EndGlobalSection
	GlobalSection(ExtensibilityGlobals) = postSolution
		SolutionGuid = {A9DD51DB-95B3-472D-9C72-BD8A8A518C4D}
	EndGlobalSection
EndGlobal
